// !$*UTF8*$!
{
	archiveVersion = 1;
	classes = {
	};
	objectVersion = 50;
	objects = {

/* Begin PBXBuildFile section */
		716D5DC5238FD8FE0009EBD3 /* AppDelegate.swift in Sources */ = {isa = PBXBuildFile; fileRef = 716D5DC4238FD8FE0009EBD3 /* AppDelegate.swift */; };
		716D5DC7238FD8FE0009EBD3 /* ViewController.swift in Sources */ = {isa = PBXBuildFile; fileRef = 716D5DC6238FD8FE0009EBD3 /* ViewController.swift */; };
		716D5DC9238FD9020009EBD3 /* Assets.xcassets in Resources */ = {isa = PBXBuildFile; fileRef = 716D5DC8238FD9020009EBD3 /* Assets.xcassets */; };
		716D5DCC238FD9020009EBD3 /* Main.storyboard in Resources */ = {isa = PBXBuildFile; fileRef = 716D5DCA238FD9020009EBD3 /* Main.storyboard */; };
		716D5DD6238FED030009EBD3 /* DKBrightness.swift in Sources */ = {isa = PBXBuildFile; fileRef = 716D5DD4238FE7F50009EBD3 /* DKBrightness.swift */; };
/* End PBXBuildFile section */

/* Begin PBXFileReference section */
		716D5DC1238FD8FE0009EBD3 /* Brightness.app */ = {isa = PBXFileReference; explicitFileType = wrapper.application; includeInIndex = 0; path = Brightness.app; sourceTree = BUILT_PRODUCTS_DIR; };
		716D5DC4238FD8FE0009EBD3 /* AppDelegate.swift */ = {isa = PBXFileReference; lastKnownFileType = sourcecode.swift; path = AppDelegate.swift; sourceTree = "<group>"; };
		716D5DC6238FD8FE0009EBD3 /* ViewController.swift */ = {isa = PBXFileReference; lastKnownFileType = sourcecode.swift; path = ViewController.swift; sourceTree = "<group>"; };
		716D5DC8238FD9020009EBD3 /* Assets.xcassets */ = {isa = PBXFileReference; lastKnownFileType = folder.assetcatalog; path = Assets.xcassets; sourceTree = "<group>"; };
		716D5DCB238FD9020009EBD3 /* Base */ = {isa = PBXFileReference; lastKnownFileType = file.storyboard; name = Base; path = Base.lproj/Main.storyboard; sourceTree = "<group>"; };
		716D5DCD238FD9020009EBD3 /* Info.plist */ = {isa = PBXFileReference; lastKnownFileType = text.plist.xml; path = Info.plist; sourceTree = "<group>"; };
		716D5DCE238FD9020009EBD3 /* Brightness.entitlements */ = {isa = PBXFileReference; lastKnownFileType = text.plist.entitlements; path = Brightness.entitlements; sourceTree = "<group>"; };
		716D5DD4238FE7F50009EBD3 /* DKBrightness.swift */ = {isa = PBXFileReference; lastKnownFileType = sourcecode.swift; path = DKBrightness.swift; sourceTree = "<group>"; };
/* End PBXFileReference section */

/* Begin PBXFrameworksBuildPhase section */
		716D5DBE238FD8FE0009EBD3 /* Frameworks */ = {
			isa = PBXFrameworksBuildPhase;
			buildActionMask = 2147483647;
			files = (
			);
			runOnlyForDeploymentPostprocessing = 0;
		};
/* End PBXFrameworksBuildPhase section */

/* Begin PBXGroup section */
		716D5DB8238FD8FE0009EBD3 = {
			isa = PBXGroup;
			children = (
				716D5DC3238FD8FE0009EBD3 /* Brightness */,
				716D5DC2238FD8FE0009EBD3 /* Products */,
			);
			sourceTree = "<group>";
		};
		716D5DC2238FD8FE0009EBD3 /* Products */ = {
			isa = PBXGroup;
			children = (
				716D5DC1238FD8FE0009EBD3 /* Brightness.app */,
			);
			name = Products;
			sourceTree = "<group>";
		};
		716D5DC3238FD8FE0009EBD3 /* Brightness */ = {
			isa = PBXGroup;
			children = (
				716D5DC4238FD8FE0009EBD3 /* AppDelegate.swift */,
				716D5DC6238FD8FE0009EBD3 /* ViewController.swift */,
				716D5DD4238FE7F50009EBD3 /* DKBrightness.swift */,
				716D5DC8238FD9020009EBD3 /* Assets.xcassets */,
				716D5DCA238FD9020009EBD3 /* Main.storyboard */,
				716D5DCD238FD9020009EBD3 /* Info.plist */,
				716D5DCE238FD9020009EBD3 /* Brightness.entitlements */,
			);
			path = Brightness;
			sourceTree = "<group>";
		};
/* End PBXGroup section */

/* Begin PBXNativeTarget section */
		716D5DC0238FD8FE0009EBD3 /* Brightness */ = {
			isa = PBXNativeTarget;
			buildConfigurationList = 716D5DD1238FD9020009EBD3 /* Build configuration list for PBXNativeTarget "Brightness" */;
			buildPhases = (
				716D5DBD238FD8FE0009EBD3 /* Sources */,
				716D5DBE238FD8FE0009EBD3 /* Frameworks */,
				716D5DBF238FD8FE0009EBD3 /* Resources */,
			);
			buildRules = (
			);
			dependencies = (
			);
			name = Brightness;
			productName = Brightness;
			productReference = 716D5DC1238FD8FE0009EBD3 /* Brightness.app */;
			productType = "com.apple.product-type.application";
		};
/* End PBXNativeTarget section */

/* Begin PBXProject section */
		716D5DB9238FD8FE0009EBD3 /* Project object */ = {
			isa = PBXProject;
			attributes = {
				LastSwiftUpdateCheck = 1120;
				LastUpgradeCheck = 1120;
				ORGANIZATIONNAME = Ray;
				TargetAttributes = {
					716D5DC0238FD8FE0009EBD3 = {
						CreatedOnToolsVersion = 11.2.1;
					};
				};
			};
			buildConfigurationList = 716D5DBC238FD8FE0009EBD3 /* Build configuration list for PBXProject "Brightness" */;
			compatibilityVersion = "Xcode 9.3";
			developmentRegion = en;
			hasScannedForEncodings = 0;
			knownRegions = (
				en,
				Base,
			);
			mainGroup = 716D5DB8238FD8FE0009EBD3;
			productRefGroup = 716D5DC2238FD8FE0009EBD3 /* Products */;
			projectDirPath = "";
			projectRoot = "";
			targets = (
				716D5DC0238FD8FE0009EBD3 /* Brightness */,
			);
		};
/* End PBXProject section */

/* Begin PBXResourcesBuildPhase section */
		716D5DBF238FD8FE0009EBD3 /* Resources */ = {
			isa = PBXResourcesBuildPhase;
			buildActionMask = 2147483647;
			files = (
				716D5DC9238FD9020009EBD3 /* Assets.xcassets in Resources */,
				716D5DCC238FD9020009EBD3 /* Main.storyboard in Resources */,
			);
			runOnlyForDeploymentPostprocessing = 0;
		};
/* End PBXResourcesBuildPhase section */

/* Begin PBXSourcesBuildPhase section */
		716D5DBD238FD8FE0009EBD3 /* Sources */ = {
			isa = PBXSourcesBuildPhase;
			buildActionMask = 2147483647;
			files = (
				716D5DD6238FED030009EBD3 /* DKBrightness.swift in Sources */,
				716D5DC7238FD8FE0009EBD3 /* ViewController.swift in Sources */,
				716D5DC5238FD8FE0009EBD3 /* AppDelegate.swift in Sources */,
			);
			runOnlyForDeploymentPostprocessing = 0;
		};
/* End PBXSourcesBuildPhase section */

/* Begin PBXVariantGroup section */
		716D5DCA238FD9020009EBD3 /* Main.storyboard */ = {
			isa = PBXVariantGroup;
			children = (
				716D5DCB238FD9020009EBD3 /* Base */,
			);
			name = Main.storyboard;
			sourceTree = "<group>";
		};
/* End PBXVariantGroup section */

/* Begin XCBuildConfiguration section */
		716D5DCF238FD9020009EBD3 /* Debug */ = {
			isa = XCBuildConfiguration;
			buildSettings = {
				ALWAYS_SEARCH_USER_PATHS = NO;
				CLANG_ANALYZER_NONNULL = YES;
				CLANG_ANALYZER_NUMBER_OBJECT_CONVERSION = YES_AGGRESSIVE;
				CLANG_CXX_LANGUAGE_STANDARD = "gnu++14";
				CLANG_CXX_LIBRARY = "libc++";
				CLANG_ENABLE_MODULES = YES;
				CLANG_ENABLE_OBJC_ARC = YES;
				CLANG_ENABLE_OBJC_WEAK = YES;
				CLANG_WARN_BLOCK_CAPTURE_AUTORELEASING = YES;
				CLANG_WARN_BOOL_CONVERSION = YES;
				CLANG_WARN_COMMA = YES;
				CLANG_WARN_CONSTANT_CONVERSION = YES;
				CLANG_WARN_DEPRECATED_OBJC_IMPLEMENTATIONS = YES;
				CLANG_WARN_DIRECT_OBJC_ISA_USAGE = YES_ERROR;
				CLANG_WARN_DOCUMENTATION_COMMENTS = YES;
				CLANG_WARN_EMPTY_BODY = YES;
				CLANG_WARN_ENUM_CONVERSION = YES;
				CLANG_WARN_INFINITE_RECURSION = YES;
				CLANG_WARN_INT_CONVERSION = YES;
				CLANG_WARN_NON_LITERAL_NULL_CONVERSION = YES;
				CLANG_WARN_OBJC_IMPLICIT_RETAIN_SELF = YES;
				CLANG_WARN_OBJC_LITERAL_CONVERSION = YES;
				CLANG_WARN_OBJC_ROOT_CLASS = YES_ERROR;
				CLANG_WARN_RANGE_LOOP_ANALYSIS = YES;
				CLANG_WARN_STRICT_PROTOTYPES = YES;
				CLANG_WARN_SUSPICIOUS_MOVE = YES;
				CLANG_WARN_UNGUARDED_AVAILABILITY = YES_AGGRESSIVE;
				CLANG_WARN_UNREACHABLE_CODE = YES;
				CLANG_WARN__DUPLICATE_METHOD_MATCH = YES;
				COPY_PHASE_STRIP = NO;
				DEBUG_INFORMATION_FORMAT = dwarf;
				ENABLE_STRICT_OBJC_MSGSEND = YES;
				ENABLE_TESTABILITY = YES;
				GCC_C_LANGUAGE_STANDARD = gnu11;
				GCC_DYNAMIC_NO_PIC = NO;
				GCC_NO_COMMON_BLOCKS = YES;
				GCC_OPTIMIZATION_LEVEL = 0;
				GCC_PREPROCESSOR_DEFINITIONS = (
					"DEBUG=1",
					"$(inherited)",
				);
				GCC_WARN_64_TO_32_BIT_CONVERSION = YES;
				GCC_WARN_ABOUT_RETURN_TYPE = YES_ERROR;
				GCC_WARN_UNDECLARED_SELECTOR = YES;
				GCC_WARN_UNINITIALIZED_AUTOS = YES_AGGRESSIVE;
				GCC_WARN_UNUSED_FUNCTION = YES;
				GCC_WARN_UNUSED_VARIABLE = YES;
				MACOSX_DEPLOYMENT_TARGET = 10.15;
				MTL_ENABLE_DEBUG_INFO = INCLUDE_SOURCE;
				MTL_FAST_MATH = YES;
				ONLY_ACTIVE_ARCH = YES;
				SDKROOT = macosx;
				SWIFT_ACTIVE_COMPILATION_CONDITIONS = DEBUG;
				SWIFT_OPTIMIZATION_LEVEL = "-Onone";
			};
			name = Debug;
		};
		716D5DD0238FD9020009EBD3 /* Release */ = {
			isa = XCBuildConfiguration;
			buildSettings = {
				ALWAYS_SEARCH_USER_PATHS = NO;
				CLANG_ANALYZER_NONNULL = YES;
				CLANG_ANALYZER_NUMBER_OBJECT_CONVERSION = YES_AGGRESSIVE;
				CLANG_CXX_LANGUAGE_STANDARD = "gnu++14";
				CLANG_CXX_LIBRARY = "libc++";
				CLANG_ENABLE_MODULES = YES;
				CLANG_ENABLE_OBJC_ARC = YES;
				CLANG_ENABLE_OBJC_WEAK = YES;
				CLANG_WARN_BLOCK_CAPTURE_AUTORELEASING = YES;
				CLANG_WARN_BOOL_CONVERSION = YES;
				CLANG_WARN_COMMA = YES;
				CLANG_WARN_CONSTANT_CONVERSION = YES;
				CLANG_WARN_DEPRECATED_OBJC_IMPLEMENTATIONS = YES;
				CLANG_WARN_DIRECT_OBJC_ISA_USAGE = YES_ERROR;
				CLANG_WARN_DOCUMENTATION_COMMENTS = YES;
				CLANG_WARN_EMPTY_BODY = YES;
				CLANG_WARN_ENUM_CONVERSION = YES;
				CLANG_WARN_INFINITE_RECURSION = YES;
				CLANG_WARN_INT_CONVERSION = YES;
				CLANG_WARN_NON_LITERAL_NULL_CONVERSION = YES;
				CLANG_WARN_OBJC_IMPLICIT_RETAIN_SELF = YES;
				CLANG_WARN_OBJC_LITERAL_CONVERSION = YES;
				CLANG_WARN_OBJC_ROOT_CLASS = YES_ERROR;
				CLANG_WARN_RANGE_LOOP_ANALYSIS = YES;
				CLANG_WARN_STRICT_PROTOTYPES = YES;
				CLANG_WARN_SUSPICIOUS_MOVE = YES;
				CLANG_WARN_UNGUARDED_AVAILABILITY = YES_AGGRESSIVE;
				CLANG_WARN_UNREACHABLE_CODE = YES;
				CLANG_WARN__DUPLICATE_METHOD_MATCH = YES;
				COPY_PHASE_STRIP = NO;
				DEBUG_INFORMATION_FORMAT = "dwarf-with-dsym";
				ENABLE_NS_ASSERTIONS = NO;
				ENABLE_STRICT_OBJC_MSGSEND = YES;
				GCC_C_LANGUAGE_STANDARD = gnu11;
				GCC_NO_COMMON_BLOCKS = YES;
				GCC_WARN_64_TO_32_BIT_CONVERSION = YES;
				GCC_WARN_ABOUT_RETURN_TYPE = YES_ERROR;
				GCC_WARN_UNDECLARED_SELECTOR = YES;
				GCC_WARN_UNINITIALIZED_AUTOS = YES_AGGRESSIVE;
				GCC_WARN_UNUSED_FUNCTION = YES;
				GCC_WARN_UNUSED_VARIABLE = YES;
				MACOSX_DEPLOYMENT_TARGET = 10.15;
				MTL_ENABLE_DEBUG_INFO = NO;
				MTL_FAST_MATH = YES;
				SDKROOT = macosx;
				SWIFT_COMPILATION_MODE = wholemodule;
				SWIFT_OPTIMIZATION_LEVEL = "-O";
			};
			name = Release;
		};
		716D5DD2238FD9020009EBD3 /* Debug */ = {
			isa = XCBuildConfiguration;
			buildSettings = {
				ASSETCATALOG_COMPILER_APPICON_NAME = AppIcon;
				CODE_SIGN_ENTITLEMENTS = Brightness/Brightness.entitlements;
				CODE_SIGN_STYLE = Automatic;
				COMBINE_HIDPI_IMAGES = YES;
				DEVELOPMENT_TEAM = MGAF98TG33;
				ENABLE_HARDENED_RUNTIME = YES;
				INFOPLIST_FILE = Brightness/Info.plist;
				LD_RUNPATH_SEARCH_PATHS = (
					"$(inherited)",
					"@executable_path/../Frameworks",
				);
				PRODUCT_BUNDLE_IDENTIFIER = com.rayps.Brightness;
				PRODUCT_NAME = "$(TARGET_NAME)";
				SWIFT_VERSION = 5.0;
			};
			name = Debug;
		};
		716D5DD3238FD9020009EBD3 /* Release */ = {
			isa = XCBuildConfiguration;
			buildSettings = {
				ASSETCATALOG_COMPILER_APPICON_NAME = AppIcon;
				CODE_SIGN_ENTITLEMENTS = Brightness/Brightness.entitlements;
				CODE_SIGN_STYLE = Automatic;
				COMBINE_HIDPI_IMAGES = YES;
				DEVELOPMENT_TEAM = MGAF98TG33;
				ENABLE_HARDENED_RUNTIME = YES;
				INFOPLIST_FILE = Brightness/Info.plist;
				LD_RUNPATH_SEARCH_PATHS = (
					"$(inherited)",
					"@executable_path/../Frameworks",
				);
				PRODUCT_BUNDLE_IDENTIFIER = com.rayps.Brightness;
				PRODUCT_NAME = "$(TARGET_NAME)";
				SWIFT_VERSION = 5.0;
			};
			name = Release;
		};
/* End XCBuildConfiguration section */

/* Begin XCConfigurationList section */
		716D5DBC238FD8FE0009EBD3 /* Build configuration list for PBXProject "Brightness" */ = {
			isa = XCConfigurationList;
			buildConfigurations = (
				716D5DCF238FD9020009EBD3 /* Debug */,
				716D5DD0238FD9020009EBD3 /* Release */,
			);
			defaultConfigurationIsVisible = 0;
			defaultConfigurationName = Release;
		};
		716D5DD1238FD9020009EBD3 /* Build configuration list for PBXNativeTarget "Brightness" */ = {
			isa = XCConfigurationList;
			buildConfigurations = (
				716D5DD2238FD9020009EBD3 /* Debug */,
				716D5DD3238FD9020009EBD3 /* Release */,
			);
			defaultConfigurationIsVisible = 0;
			defaultConfigurationName = Release;
		};
/* End XCConfigurationList section */
	};
	rootObject = 716D5DB9238FD8FE0009EBD3 /* Project object */;
}
